
Microsoft Visual Studio Solution File, Format Version 12.00
# Visual Studio 15
VisualStudioVersion = 15.0.28307.1145
MinimumVisualStudioVersion = 10.0.40219.1
Project("{FAE04EC0-301F-11D3-BF4B-00C04F79EFBC}") = "PItuning.Android", "PItuning\PItuning.Android\PItuning.Android.csproj", "{24CE3C36-16B9-426D-AA0C-5961ECF8D88C}"
EndProject
Project("{FAE04EC0-301F-11D3-BF4B-00C04F79EFBC}") = "PItuning.UWP", "PItuning\PItuning.UWP\PItuning.UWP.csproj", "{A1BE90DB-6908-4082-9D80-99A163EEDA38}"
EndProject
Project("{FAE04EC0-301F-11D3-BF4B-00C04F79EFBC}") = "PItuning", "PItuning\PItuning\PItuning.csproj", "{38583A51-641D-447E-AC51-F39B6CF87A64}"
EndProject
Global
	GlobalSection(SolutionConfigurationPlatforms) = preSolution
		Debug|Any CPU = Debug|Any CPU
		Debug|ARM = Debug|ARM
		Debug|x64 = Debug|x64
		Debug|x86 = Debug|x86
		Release|Any CPU = Release|Any CPU
		Release|ARM = Release|ARM
		Release|x64 = Release|x64
		Release|x86 = Release|x86
	EndGlobalSection
	GlobalSection(ProjectConfigurationPlatforms) = postSolution
		{24CE3C36-16B9-426D-AA0C-5961ECF8D88C}.Debug|Any CPU.ActiveCfg = Debug|Any CPU
		{24CE3C36-16B9-426D-AA0C-5961ECF8D88C}.Debug|Any CPU.Build.0 = Debug|Any CPU
		{24CE3C36-16B9-426D-AA0C-5961ECF8D88C}.Debug|Any CPU.Deploy.0 = Debug|Any CPU
		{24CE3C36-16B9-426D-AA0C-5961ECF8D88C}.Debug|ARM.ActiveCfg = Debug|Any CPU
		{24CE3C36-16B9-426D-AA0C-5961ECF8D88C}.Debug|ARM.Build.0 = Debug|Any CPU
		{24CE3C36-16B9-426D-AA0C-5961ECF8D88C}.Debug|ARM.Deploy.0 = Debug|Any CPU
		{24CE3C36-16B9-426D-AA0C-5961ECF8D88C}.Debug|x64.ActiveCfg = Debug|Any CPU
		{24CE3C36-16B9-426D-AA0C-5961ECF8D88C}.Debug|x64.Build.0 = Debug|Any CPU
		{24CE3C36-16B9-426D-AA0C-5961ECF8D88C}.Debug|x64.Deploy.0 = Debug|Any CPU
		{24CE3C36-16B9-426D-AA0C-5961ECF8D88C}.Debug|x86.ActiveCfg = Debug|Any CPU
		{24CE3C36-16B9-426D-AA0C-5961ECF8D88C}.Debug|x86.Build.0 = Debug|Any CPU
		{24CE3C36-16B9-426D-AA0C-5961ECF8D88C}.Debug|x86.Deploy.0 = Debug|Any CPU
		{24CE3C36-16B9-426D-AA0C-5961ECF8D88C}.Release|Any CPU.ActiveCfg = Release|Any CPU
		{24CE3C36-16B9-426D-AA0C-5961ECF8D88C}.Release|Any CPU.Build.0 = Release|Any CPU
		{24CE3C36-16B9-426D-AA0C-5961ECF8D88C}.Release|Any CPU.Deploy.0 = Release|Any CPU
		{24CE3C36-16B9-426D-AA0C-5961ECF8D88C}.Release|ARM.ActiveCfg = Release|Any CPU
		{24CE3C36-16B9-426D-AA0C-5961ECF8D88C}.Release|ARM.Build.0 = Release|Any CPU
		{24CE3C36-16B9-426D-AA0C-5961ECF8D88C}.Release|ARM.Deploy.0 = Release|Any CPU
		{24CE3C36-16B9-426D-AA0C-5961ECF8D88C}.Release|x64.ActiveCfg = Release|Any CPU
		{24CE3C36-16B9-426D-AA0C-5961ECF8D88C}.Release|x64.Build.0 = Release|Any CPU
		{24CE3C36-16B9-426D-AA0C-5961ECF8D88C}.Release|x64.Deploy.0 = Release|Any CPU
		{24CE3C36-16B9-426D-AA0C-5961ECF8D88C}.Release|x86.ActiveCfg = Release|Any CPU
		{24CE3C36-16B9-426D-AA0C-5961ECF8D88C}.Release|x86.Build.0 = Release|Any CPU
		{24CE3C36-16B9-426D-AA0C-5961ECF8D88C}.Release|x86.Deploy.0 = Release|Any CPU
		{A1BE90DB-6908-4082-9D80-99A163EEDA38}.Debug|Any CPU.ActiveCfg = Debug|x86
		{A1BE90DB-6908-4082-9D80-99A163EEDA38}.Debug|Any CPU.Build.0 = Debug|x86
		{A1BE90DB-6908-4082-9D80-99A163EEDA38}.Debug|Any CPU.Deploy.0 = Debug|x86
		{A1BE90DB-6908-4082-9D80-99A163EEDA38}.Debug|ARM.ActiveCfg = Debug|ARM
		{A1BE90DB-6908-4082-9D80-99A163EEDA38}.Debug|ARM.Build.0 = Debug|ARM
		{A1BE90DB-6908-4082-9D80-99A163EEDA38}.Debug|ARM.Deploy.0 = Debug|ARM
		{A1BE90DB-6908-4082-9D80-99A163EEDA38}.Debug|x64.ActiveCfg = Debug|x64
		{A1BE90DB-6908-4082-9D80-99A163EEDA38}.Debug|x64.Build.0 = Debug|x64
		{A1BE90DB-6908-4082-9D80-99A163EEDA38}.Debug|x64.Deploy.0 = Debug|x64
		{A1BE90DB-6908-4082-9D80-99A163EEDA38}.Debug|x86.ActiveCfg = Debug|x86
		{A1BE90DB-6908-4082-9D80-99A163EEDA38}.Debug|x86.Build.0 = Debug|x86
		{A1BE90DB-6908-4082-9D80-99A163EEDA38}.Debug|x86.Deploy.0 = Debug|x86
		{A1BE90DB-6908-4082-9D80-99A163EEDA38}.Release|Any CPU.ActiveCfg = Release|x86
		{A1BE90DB-6908-4082-9D80-99A163EEDA38}.Release|Any CPU.Build.0 = Release|x86
		{A1BE90DB-6908-4082-9D80-99A163EEDA38}.Release|Any CPU.Deploy.0 = Release|x86
		{A1BE90DB-6908-4082-9D80-99A163EEDA38}.Release|ARM.ActiveCfg = Release|ARM
		{A1BE90DB-6908-4082-9D80-99A163EEDA38}.Release|ARM.Build.0 = Release|ARM
		{A1BE90DB-6908-4082-9D80-99A163EEDA38}.Release|ARM.Deploy.0 = Release|ARM
		{A1BE90DB-6908-4082-9D80-99A163EEDA38}.Release|x64.ActiveCfg = Release|x64
		{A1BE90DB-6908-4082-9D80-99A163EEDA38}.Release|x64.Build.0 = Release|x64
		{A1BE90DB-6908-4082-9D80-99A163EEDA38}.Release|x64.Deploy.0 = Release|x64
		{A1BE90DB-6908-4082-9D80-99A163EEDA38}.Release|x86.ActiveCfg = Release|x86
		{A1BE90DB-6908-4082-9D80-99A163EEDA38}.Release|x86.Build.0 = Release|x86
		{A1BE90DB-6908-4082-9D80-99A163EEDA38}.Release|x86.Deploy.0 = Release|x86
		{38583A51-641D-447E-AC51-F39B6CF87A64}.Debug|Any CPU.ActiveCfg = Debug|Any CPU
		{38583A51-641D-447E-AC51-F39B6CF87A64}.Debug|Any CPU.Build.0 = Debug|Any CPU
		{38583A51-641D-447E-AC51-F39B6CF87A64}.Debug|Any CPU.Deploy.0 = Debug|Any CPU
		{38583A51-641D-447E-AC51-F39B6CF87A64}.Debug|ARM.ActiveCfg = Debug|Any CPU
		{38583A51-641D-447E-AC51-F39B6CF87A64}.Debug|ARM.Build.0 = Debug|Any CPU
		{38583A51-641D-447E-AC51-F39B6CF87A64}.Debug|ARM.Deploy.0 = Debug|Any CPU
		{38583A51-641D-447E-AC51-F39B6CF87A64}.Debug|x64.ActiveCfg = Debug|Any CPU
		{38583A51-641D-447E-AC51-F39B6CF87A64}.Debug|x64.Build.0 = Debug|Any CPU
		{38583A51-641D-447E-AC51-F39B6CF87A64}.Debug|x64.Deploy.0 = Debug|Any CPU
		{38583A51-641D-447E-AC51-F39B6CF87A64}.Debug|x86.ActiveCfg = Debug|Any CPU
		{38583A51-641D-447E-AC51-F39B6CF87A64}.Debug|x86.Build.0 = Debug|Any CPU
		{38583A51-641D-447E-AC51-F39B6CF87A64}.Debug|x86.Deploy.0 = Debug|Any CPU
		{38583A51-641D-447E-AC51-F39B6CF87A64}.Release|Any CPU.ActiveCfg = Release|Any CPU
		{38583A51-641D-447E-AC51-F39B6CF87A64}.Release|Any CPU.Build.0 = Release|Any CPU
		{38583A51-641D-447E-AC51-F39B6CF87A64}.Release|Any CPU.Deploy.0 = Release|Any CPU
		{38583A51-641D-447E-AC51-F39B6CF87A64}.Release|ARM.ActiveCfg = Release|Any CPU
		{38583A51-641D-447E-AC51-F39B6CF87A64}.Release|ARM.Build.0 = Release|Any CPU
		{38583A51-641D-447E-AC51-F39B6CF87A64}.Release|ARM.Deploy.0 = Release|Any CPU
		{38583A51-641D-447E-AC51-F39B6CF87A64}.Release|x64.ActiveCfg = Release|Any CPU
		{38583A51-641D-447E-AC51-F39B6CF87A64}.Release|x64.Build.0 = Release|Any CPU
		{38583A51-641D-447E-AC51-F39B6CF87A64}.Release|x64.Deploy.0 = Release|Any CPU
		{38583A51-641D-447E-AC51-F39B6CF87A64}.Release|x86.ActiveCfg = Release|Any CPU
		{38583A51-641D-447E-AC51-F39B6CF87A64}.Release|x86.Build.0 = Release|Any CPU
		{38583A51-641D-447E-AC51-F39B6CF87A64}.Release|x86.Deploy.0 = Release|Any CPU
	EndGlobalSection
	GlobalSection(SolutionProperties) = preSolution
		HideSolutionNode = FALSE
	EndGlobalSection
	GlobalSection(ExtensibilityGlobals) = postSolution
		SolutionGuid = {7C294CF1-9CD1-4114-B23E-25734A5F9297}
	EndGlobalSection
EndGlobal
